
Microsoft Visual Studio Solution File, Format Version 12.00
# Visual Studio 15
VisualStudioVersion = 15.0.27703.2018
MinimumVisualStudioVersion = 10.0.40219.1
Project("{FAE04EC0-301F-11D3-BF4B-00C04F79EFBC}") = "TMS-MLB-Reception.Android", "TMS-MLB-Reception\TMS-MLB-Reception.Android\TMS-MLB-Reception.Android.csproj", "{D3F6CBB2-96B9-4AAF-8A34-4A5D045A7DBA}"
EndProject
Project("{FAE04EC0-301F-11D3-BF4B-00C04F79EFBC}") = "TMS-MLB-Reception.iOS", "TMS-MLB-Reception\TMS-MLB-Reception.iOS\TMS-MLB-Reception.iOS.csproj", "{D1112914-B10D-4F93-BBEC-31CBB6072C12}"
EndProject
Project("{FAE04EC0-301F-11D3-BF4B-00C04F79EFBC}") = "TMS-MLB-Reception.UWP", "TMS-MLB-Reception\TMS-MLB-Reception.UWP\TMS-MLB-Reception.UWP.csproj", "{CD494E90-248D-495C-89D3-6A955C8522BF}"
EndProject
Project("{FAE04EC0-301F-11D3-BF4B-00C04F79EFBC}") = "TMS-MLB-Reception", "TMS-MLB-Reception\TMS-MLB-Reception\TMS-MLB-Reception.csproj", "{EC22857F-BAD9-4920-8E2A-2AC94FE12342}"
EndProject
Global
	GlobalSection(SolutionConfigurationPlatforms) = preSolution
		Ad-Hoc|Any CPU = Ad-Hoc|Any CPU
		Ad-Hoc|ARM = Ad-Hoc|ARM
		Ad-Hoc|iPhone = Ad-Hoc|iPhone
		Ad-Hoc|iPhoneSimulator = Ad-Hoc|iPhoneSimulator
		Ad-Hoc|x64 = Ad-Hoc|x64
		Ad-Hoc|x86 = Ad-Hoc|x86
		AppStore|Any CPU = AppStore|Any CPU
		AppStore|ARM = AppStore|ARM
		AppStore|iPhone = AppStore|iPhone
		AppStore|iPhoneSimulator = AppStore|iPhoneSimulator
		AppStore|x64 = AppStore|x64
		AppStore|x86 = AppStore|x86
		Debug|Any CPU = Debug|Any CPU
		Debug|ARM = Debug|ARM
		Debug|iPhone = Debug|iPhone
		Debug|iPhoneSimulator = Debug|iPhoneSimulator
		Debug|x64 = Debug|x64
		Debug|x86 = Debug|x86
		Release|Any CPU = Release|Any CPU
		Release|ARM = Release|ARM
		Release|iPhone = Release|iPhone
		Release|iPhoneSimulator = Release|iPhoneSimulator
		Release|x64 = Release|x64
		Release|x86 = Release|x86
	EndGlobalSection
	GlobalSection(ProjectConfigurationPlatforms) = postSolution
		{D3F6CBB2-96B9-4AAF-8A34-4A5D045A7DBA}.Ad-Hoc|Any CPU.ActiveCfg = Release|Any CPU
		{D3F6CBB2-96B9-4AAF-8A34-4A5D045A7DBA}.Ad-Hoc|Any CPU.Build.0 = Release|Any CPU
		{D3F6CBB2-96B9-4AAF-8A34-4A5D045A7DBA}.Ad-Hoc|Any CPU.Deploy.0 = Release|Any CPU
		{D3F6CBB2-96B9-4AAF-8A34-4A5D045A7DBA}.Ad-Hoc|ARM.ActiveCfg = Release|Any CPU
		{D3F6CBB2-96B9-4AAF-8A34-4A5D045A7DBA}.Ad-Hoc|ARM.Build.0 = Release|Any CPU
		{D3F6CBB2-96B9-4AAF-8A34-4A5D045A7DBA}.Ad-Hoc|ARM.Deploy.0 = Release|Any CPU
		{D3F6CBB2-96B9-4AAF-8A34-4A5D045A7DBA}.Ad-Hoc|iPhone.ActiveCfg = Release|Any CPU
		{D3F6CBB2-96B9-4AAF-8A34-4A5D045A7DBA}.Ad-Hoc|iPhone.Build.0 = Release|Any CPU
		{D3F6CBB2-96B9-4AAF-8A34-4A5D045A7DBA}.Ad-Hoc|iPhone.Deploy.0 = Release|Any CPU
		{D3F6CBB2-96B9-4AAF-8A34-4A5D045A7DBA}.Ad-Hoc|iPhoneSimulator.ActiveCfg = Release|Any CPU
		{D3F6CBB2-96B9-4AAF-8A34-4A5D045A7DBA}.Ad-Hoc|iPhoneSimulator.Build.0 = Release|Any CPU
		{D3F6CBB2-96B9-4AAF-8A34-4A5D045A7DBA}.Ad-Hoc|iPhoneSimulator.Deploy.0 = Release|Any CPU
		{D3F6CBB2-96B9-4AAF-8A34-4A5D045A7DBA}.Ad-Hoc|x64.ActiveCfg = Release|Any CPU
		{D3F6CBB2-96B9-4AAF-8A34-4A5D045A7DBA}.Ad-Hoc|x64.Build.0 = Release|Any CPU
		{D3F6CBB2-96B9-4AAF-8A34-4A5D045A7DBA}.Ad-Hoc|x64.Deploy.0 = Release|Any CPU
		{D3F6CBB2-96B9-4AAF-8A34-4A5D045A7DBA}.Ad-Hoc|x86.ActiveCfg = Release|Any CPU
		{D3F6CBB2-96B9-4AAF-8A34-4A5D045A7DBA}.Ad-Hoc|x86.Build.0 = Release|Any CPU
		{D3F6CBB2-96B9-4AAF-8A34-4A5D045A7DBA}.Ad-Hoc|x86.Deploy.0 = Release|Any CPU
		{D3F6CBB2-96B9-4AAF-8A34-4A5D045A7DBA}.AppStore|Any CPU.ActiveCfg = Release|Any CPU
		{D3F6CBB2-96B9-4AAF-8A34-4A5D045A7DBA}.AppStore|Any CPU.Build.0 = Release|Any CPU
		{D3F6CBB2-96B9-4AAF-8A34-4A5D045A7DBA}.AppStore|Any CPU.Deploy.0 = Release|Any CPU
		{D3F6CBB2-96B9-4AAF-8A34-4A5D045A7DBA}.AppStore|ARM.ActiveCfg = Release|Any CPU
		{D3F6CBB2-96B9-4AAF-8A34-4A5D045A7DBA}.AppStore|ARM.Build.0 = Release|Any CPU
		{D3F6CBB2-96B9-4AAF-8A34-4A5D045A7DBA}.AppStore|ARM.Deploy.0 = Release|Any CPU
		{D3F6CBB2-96B9-4AAF-8A34-4A5D045A7DBA}.AppStore|iPhone.ActiveCfg = Release|Any CPU
		{D3F6CBB2-96B9-4AAF-8A34-4A5D045A7DBA}.AppStore|iPhone.Build.0 = Release|Any CPU
		{D3F6CBB2-96B9-4AAF-8A34-4A5D045A7DBA}.AppStore|iPhone.Deploy.0 = Release|Any CPU
		{D3F6CBB2-96B9-4AAF-8A34-4A5D045A7DBA}.AppStore|iPhoneSimulator.ActiveCfg = Release|Any CPU
		{D3F6CBB2-96B9-4AAF-8A34-4A5D045A7DBA}.AppStore|iPhoneSimulator.Build.0 = Release|Any CPU
		{D3F6CBB2-96B9-4AAF-8A34-4A5D045A7DBA}.AppStore|iPhoneSimulator.Deploy.0 = Release|Any CPU
		{D3F6CBB2-96B9-4AAF-8A34-4A5D045A7DBA}.AppStore|x64.ActiveCfg = Release|Any CPU
		{D3F6CBB2-96B9-4AAF-8A34-4A5D045A7DBA}.AppStore|x64.Build.0 = Release|Any CPU
		{D3F6CBB2-96B9-4AAF-8A34-4A5D045A7DBA}.AppStore|x64.Deploy.0 = Release|Any CPU
		{D3F6CBB2-96B9-4AAF-8A34-4A5D045A7DBA}.AppStore|x86.ActiveCfg = Release|Any CPU
		{D3F6CBB2-96B9-4AAF-8A34-4A5D045A7DBA}.AppStore|x86.Build.0 = Release|Any CPU
		{D3F6CBB2-96B9-4AAF-8A34-4A5D045A7DBA}.AppStore|x86.Deploy.0 = Release|Any CPU
		{D3F6CBB2-96B9-4AAF-8A34-4A5D045A7DBA}.Debug|Any CPU.ActiveCfg = Debug|Any CPU
		{D3F6CBB2-96B9-4AAF-8A34-4A5D045A7DBA}.Debug|Any CPU.Build.0 = Debug|Any CPU
		{D3F6CBB2-96B9-4AAF-8A34-4A5D045A7DBA}.Debug|Any CPU.Deploy.0 = Debug|Any CPU
		{D3F6CBB2-96B9-4AAF-8A34-4A5D045A7DBA}.Debug|ARM.ActiveCfg = Debug|Any CPU
		{D3F6CBB2-96B9-4AAF-8A34-4A5D045A7DBA}.Debug|ARM.Build.0 = Debug|Any CPU
		{D3F6CBB2-96B9-4AAF-8A34-4A5D045A7DBA}.Debug|ARM.Deploy.0 = Debug|Any CPU
		{D3F6CBB2-96B9-4AAF-8A34-4A5D045A7DBA}.Debug|iPhone.ActiveCfg = Debug|Any CPU
		{D3F6CBB2-96B9-4AAF-8A34-4A5D045A7DBA}.Debug|iPhone.Build.0 = Debug|Any CPU
		{D3F6CBB2-96B9-4AAF-8A34-4A5D045A7DBA}.Debug|iPhone.Deploy.0 = Debug|Any CPU
		{D3F6CBB2-96B9-4AAF-8A34-4A5D045A7DBA}.Debug|iPhoneSimulator.ActiveCfg = Debug|Any CPU
		{D3F6CBB2-96B9-4AAF-8A34-4A5D045A7DBA}.Debug|iPhoneSimulator.Build.0 = Debug|Any CPU
		{D3F6CBB2-96B9-4AAF-8A34-4A5D045A7DBA}.Debug|iPhoneSimulator.Deploy.0 = Debug|Any CPU
		{D3F6CBB2-96B9-4AAF-8A34-4A5D045A7DBA}.Debug|x64.ActiveCfg = Debug|Any CPU
		{D3F6CBB2-96B9-4AAF-8A34-4A5D045A7DBA}.Debug|x64.Build.0 = Debug|Any CPU
		{D3F6CBB2-96B9-4AAF-8A34-4A5D045A7DBA}.Debug|x64.Deploy.0 = Debug|Any CPU
		{D3F6CBB2-96B9-4AAF-8A34-4A5D045A7DBA}.Debug|x86.ActiveCfg = Debug|Any CPU
		{D3F6CBB2-96B9-4AAF-8A34-4A5D045A7DBA}.Debug|x86.Build.0 = Debug|Any CPU
		{D3F6CBB2-96B9-4AAF-8A34-4A5D045A7DBA}.Debug|x86.Deploy.0 = Debug|Any CPU
		{D3F6CBB2-96B9-4AAF-8A34-4A5D045A7DBA}.Release|Any CPU.ActiveCfg = Release|Any CPU
		{D3F6CBB2-96B9-4AAF-8A34-4A5D045A7DBA}.Release|Any CPU.Build.0 = Release|Any CPU
		{D3F6CBB2-96B9-4AAF-8A34-4A5D045A7DBA}.Release|Any CPU.Deploy.0 = Release|Any CPU
		{D3F6CBB2-96B9-4AAF-8A34-4A5D045A7DBA}.Release|ARM.ActiveCfg = Release|Any CPU
		{D3F6CBB2-96B9-4AAF-8A34-4A5D045A7DBA}.Release|ARM.Build.0 = Release|Any CPU
		{D3F6CBB2-96B9-4AAF-8A34-4A5D045A7DBA}.Release|ARM.Deploy.0 = Release|Any CPU
		{D3F6CBB2-96B9-4AAF-8A34-4A5D045A7DBA}.Release|iPhone.ActiveCfg = Release|Any CPU
		{D3F6CBB2-96B9-4AAF-8A34-4A5D045A7DBA}.Release|iPhone.Build.0 = Release|Any CPU
		{D3F6CBB2-96B9-4AAF-8A34-4A5D045A7DBA}.Release|iPhone.Deploy.0 = Release|Any CPU
		{D3F6CBB2-96B9-4AAF-8A34-4A5D045A7DBA}.Release|iPhoneSimulator.ActiveCfg = Release|Any CPU
		{D3F6CBB2-96B9-4AAF-8A34-4A5D045A7DBA}.Release|iPhoneSimulator.Build.0 = Release|Any CPU
		{D3F6CBB2-96B9-4AAF-8A34-4A5D045A7DBA}.Release|iPhoneSimulator.Deploy.0 = Release|Any CPU
		{D3F6CBB2-96B9-4AAF-8A34-4A5D045A7DBA}.Release|x64.ActiveCfg = Release|Any CPU
		{D3F6CBB2-96B9-4AAF-8A34-4A5D045A7DBA}.Release|x64.Build.0 = Release|Any CPU
		{D3F6CBB2-96B9-4AAF-8A34-4A5D045A7DBA}.Release|x64.Deploy.0 = Release|Any CPU
		{D3F6CBB2-96B9-4AAF-8A34-4A5D045A7DBA}.Release|x86.ActiveCfg = Release|Any CPU
		{D3F6CBB2-96B9-4AAF-8A34-4A5D045A7DBA}.Release|x86.Build.0 = Release|Any CPU
		{D3F6CBB2-96B9-4AAF-8A34-4A5D045A7DBA}.Release|x86.Deploy.0 = Release|Any CPU
		{D1112914-B10D-4F93-BBEC-31CBB6072C12}.Ad-Hoc|Any CPU.ActiveCfg = Ad-Hoc|iPhone
		{D1112914-B10D-4F93-BBEC-31CBB6072C12}.Ad-Hoc|Any CPU.Build.0 = Ad-Hoc|iPhone
		{D1112914-B10D-4F93-BBEC-31CBB6072C12}.Ad-Hoc|Any CPU.Deploy.0 = Ad-Hoc|iPhone
		{D1112914-B10D-4F93-BBEC-31CBB6072C12}.Ad-Hoc|ARM.ActiveCfg = Ad-Hoc|iPhone
		{D1112914-B10D-4F93-BBEC-31CBB6072C12}.Ad-Hoc|ARM.Build.0 = Ad-Hoc|iPhone
		{D1112914-B10D-4F93-BBEC-31CBB6072C12}.Ad-Hoc|ARM.Deploy.0 = Ad-Hoc|iPhone
		{D1112914-B10D-4F93-BBEC-31CBB6072C12}.Ad-Hoc|iPhone.ActiveCfg = Ad-Hoc|iPhone
		{D1112914-B10D-4F93-BBEC-31CBB6072C12}.Ad-Hoc|iPhone.Build.0 = Ad-Hoc|iPhone
		{D1112914-B10D-4F93-BBEC-31CBB6072C12}.Ad-Hoc|iPhone.Deploy.0 = Ad-Hoc|iPhone
		{D1112914-B10D-4F93-BBEC-31CBB6072C12}.Ad-Hoc|iPhoneSimulator.ActiveCfg = Ad-Hoc|iPhoneSimulator
		{D1112914-B10D-4F93-BBEC-31CBB6072C12}.Ad-Hoc|iPhoneSimulator.Build.0 = Ad-Hoc|iPhoneSimulator
		{D1112914-B10D-4F93-BBEC-31CBB6072C12}.Ad-Hoc|iPhoneSimulator.Deploy.0 = Ad-Hoc|iPhoneSimulator
		{D1112914-B10D-4F93-BBEC-31CBB6072C12}.Ad-Hoc|x64.ActiveCfg = Ad-Hoc|iPhone
		{D1112914-B10D-4F93-BBEC-31CBB6072C12}.Ad-Hoc|x64.Build.0 = Ad-Hoc|iPhone
		{D1112914-B10D-4F93-BBEC-31CBB6072C12}.Ad-Hoc|x64.Deploy.0 = Ad-Hoc|iPhone
		{D1112914-B10D-4F93-BBEC-31CBB6072C12}.Ad-Hoc|x86.ActiveCfg = Ad-Hoc|iPhone
		{D1112914-B10D-4F93-BBEC-31CBB6072C12}.Ad-Hoc|x86.Build.0 = Ad-Hoc|iPhone
		{D1112914-B10D-4F93-BBEC-31CBB6072C12}.Ad-Hoc|x86.Deploy.0 = Ad-Hoc|iPhone
		{D1112914-B10D-4F93-BBEC-31CBB6072C12}.AppStore|Any CPU.ActiveCfg = AppStore|iPhone
		{D1112914-B10D-4F93-BBEC-31CBB6072C12}.AppStore|Any CPU.Build.0 = AppStore|iPhone
		{D1112914-B10D-4F93-BBEC-31CBB6072C12}.AppStore|Any CPU.Deploy.0 = AppStore|iPhone
		{D1112914-B10D-4F93-BBEC-31CBB6072C12}.AppStore|ARM.ActiveCfg = AppStore|iPhone
		{D1112914-B10D-4F93-BBEC-31CBB6072C12}.AppStore|ARM.Build.0 = AppStore|iPhone
		{D1112914-B10D-4F93-BBEC-31CBB6072C12}.AppStore|ARM.Deploy.0 = AppStore|iPhone
		{D1112914-B10D-4F93-BBEC-31CBB6072C12}.AppStore|iPhone.ActiveCfg = AppStore|iPhone
		{D1112914-B10D-4F93-BBEC-31CBB6072C12}.AppStore|iPhone.Build.0 = AppStore|iPhone
		{D1112914-B10D-4F93-BBEC-31CBB6072C12}.AppStore|iPhone.Deploy.0 = AppStore|iPhone
		{D1112914-B10D-4F93-BBEC-31CBB6072C12}.AppStore|iPhoneSimulator.ActiveCfg = AppStore|iPhoneSimulator
		{D1112914-B10D-4F93-BBEC-31CBB6072C12}.AppStore|iPhoneSimulator.Build.0 = AppStore|iPhoneSimulator
		{D1112914-B10D-4F93-BBEC-31CBB6072C12}.AppStore|iPhoneSimulator.Deploy.0 = AppStore|iPhoneSimulator
		{D1112914-B10D-4F93-BBEC-31CBB6072C12}.AppStore|x64.ActiveCfg = AppStore|iPhone
		{D1112914-B10D-4F93-BBEC-31CBB6072C12}.AppStore|x64.Build.0 = AppStore|iPhone
		{D1112914-B10D-4F93-BBEC-31CBB6072C12}.AppStore|x64.Deploy.0 = AppStore|iPhone
		{D1112914-B10D-4F93-BBEC-31CBB6072C12}.AppStore|x86.ActiveCfg = AppStore|iPhone
		{D1112914-B10D-4F93-BBEC-31CBB6072C12}.AppStore|x86.Build.0 = AppStore|iPhone
		{D1112914-B10D-4F93-BBEC-31CBB6072C12}.AppStore|x86.Deploy.0 = AppStore|iPhone
		{D1112914-B10D-4F93-BBEC-31CBB6072C12}.Debug|Any CPU.ActiveCfg = Debug|iPhoneSimulator
		{D1112914-B10D-4F93-BBEC-31CBB6072C12}.Debug|Any CPU.Build.0 = Debug|iPhoneSimulator
		{D1112914-B10D-4F93-BBEC-31CBB6072C12}.Debug|Any CPU.Deploy.0 = Debug|iPhoneSimulator
		{D1112914-B10D-4F93-BBEC-31CBB6072C12}.Debug|ARM.ActiveCfg = Debug|iPhone
		{D1112914-B10D-4F93-BBEC-31CBB6072C12}.Debug|ARM.Build.0 = Debug|iPhone
		{D1112914-B10D-4F93-BBEC-31CBB6072C12}.Debug|ARM.Deploy.0 = Debug|iPhone
		{D1112914-B10D-4F93-BBEC-31CBB6072C12}.Debug|iPhone.ActiveCfg = Debug|iPhone
		{D1112914-B10D-4F93-BBEC-31CBB6072C12}.Debug|iPhone.Build.0 = Debug|iPhone
		{D1112914-B10D-4F93-BBEC-31CBB6072C12}.Debug|iPhone.Deploy.0 = Debug|iPhone
		{D1112914-B10D-4F93-BBEC-31CBB6072C12}.Debug|iPhoneSimulator.ActiveCfg = Debug|iPhoneSimulator
		{D1112914-B10D-4F93-BBEC-31CBB6072C12}.Debug|iPhoneSimulator.Build.0 = Debug|iPhoneSimulator
		{D1112914-B10D-4F93-BBEC-31CBB6072C12}.Debug|iPhoneSimulator.Deploy.0 = Debug|iPhoneSimulator
		{D1112914-B10D-4F93-BBEC-31CBB6072C12}.Debug|x64.ActiveCfg = Debug|iPhone
		{D1112914-B10D-4F93-BBEC-31CBB6072C12}.Debug|x64.Build.0 = Debug|iPhone
		{D1112914-B10D-4F93-BBEC-31CBB6072C12}.Debug|x64.Deploy.0 = Debug|iPhone
		{D1112914-B10D-4F93-BBEC-31CBB6072C12}.Debug|x86.ActiveCfg = Debug|iPhone
		{D1112914-B10D-4F93-BBEC-31CBB6072C12}.Debug|x86.Build.0 = Debug|iPhone
		{D1112914-B10D-4F93-BBEC-31CBB6072C12}.Debug|x86.Deploy.0 = Debug|iPhone
		{D1112914-B10D-4F93-BBEC-31CBB6072C12}.Release|Any CPU.ActiveCfg = Release|iPhone
		{D1112914-B10D-4F93-BBEC-31CBB6072C12}.Release|Any CPU.Build.0 = Release|iPhone
		{D1112914-B10D-4F93-BBEC-31CBB6072C12}.Release|Any CPU.Deploy.0 = Release|iPhone
		{D1112914-B10D-4F93-BBEC-31CBB6072C12}.Release|ARM.ActiveCfg = Release|iPhone
		{D1112914-B10D-4F93-BBEC-31CBB6072C12}.Release|ARM.Build.0 = Release|iPhone
		{D1112914-B10D-4F93-BBEC-31CBB6072C12}.Release|ARM.Deploy.0 = Release|iPhone
		{D1112914-B10D-4F93-BBEC-31CBB6072C12}.Release|iPhone.ActiveCfg = Release|iPhone
		{D1112914-B10D-4F93-BBEC-31CBB6072C12}.Release|iPhone.Build.0 = Release|iPhone
		{D1112914-B10D-4F93-BBEC-31CBB6072C12}.Release|iPhone.Deploy.0 = Release|iPhone
		{D1112914-B10D-4F93-BBEC-31CBB6072C12}.Release|iPhoneSimulator.ActiveCfg = Release|iPhoneSimulator
		{D1112914-B10D-4F93-BBEC-31CBB6072C12}.Release|iPhoneSimulator.Build.0 = Release|iPhoneSimulator
		{D1112914-B10D-4F93-BBEC-31CBB6072C12}.Release|iPhoneSimulator.Deploy.0 = Release|iPhoneSimulator
		{D1112914-B10D-4F93-BBEC-31CBB6072C12}.Release|x64.ActiveCfg = Release|iPhone
		{D1112914-B10D-4F93-BBEC-31CBB6072C12}.Release|x64.Build.0 = Release|iPhone
		{D1112914-B10D-4F93-BBEC-31CBB6072C12}.Release|x64.Deploy.0 = Release|iPhone
		{D1112914-B10D-4F93-BBEC-31CBB6072C12}.Release|x86.ActiveCfg = Release|iPhone
		{D1112914-B10D-4F93-BBEC-31CBB6072C12}.Release|x86.Build.0 = Release|iPhone
		{D1112914-B10D-4F93-BBEC-31CBB6072C12}.Release|x86.Deploy.0 = Release|iPhone
		{CD494E90-248D-495C-89D3-6A955C8522BF}.Ad-Hoc|Any CPU.ActiveCfg = Release|x86
		{CD494E90-248D-495C-89D3-6A955C8522BF}.Ad-Hoc|Any CPU.Build.0 = Release|x86
		{CD494E90-248D-495C-89D3-6A955C8522BF}.Ad-Hoc|Any CPU.Deploy.0 = Release|x86
		{CD494E90-248D-495C-89D3-6A955C8522BF}.Ad-Hoc|ARM.ActiveCfg = Release|ARM
		{CD494E90-248D-495C-89D3-6A955C8522BF}.Ad-Hoc|ARM.Build.0 = Release|ARM
		{CD494E90-248D-495C-89D3-6A955C8522BF}.Ad-Hoc|ARM.Deploy.0 = Release|ARM
		{CD494E90-248D-495C-89D3-6A955C8522BF}.Ad-Hoc|iPhone.ActiveCfg = Release|x86
		{CD494E90-248D-495C-89D3-6A955C8522BF}.Ad-Hoc|iPhone.Build.0 = Release|x86
		{CD494E90-248D-495C-89D3-6A955C8522BF}.Ad-Hoc|iPhone.Deploy.0 = Release|x86
		{CD494E90-248D-495C-89D3-6A955C8522BF}.Ad-Hoc|iPhoneSimulator.ActiveCfg = Release|x86
		{CD494E90-248D-495C-89D3-6A955C8522BF}.Ad-Hoc|iPhoneSimulator.Build.0 = Release|x86
		{CD494E90-248D-495C-89D3-6A955C8522BF}.Ad-Hoc|iPhoneSimulator.Deploy.0 = Release|x86
		{CD494E90-248D-495C-89D3-6A955C8522BF}.Ad-Hoc|x64.ActiveCfg = Release|x64
		{CD494E90-248D-495C-89D3-6A955C8522BF}.Ad-Hoc|x64.Build.0 = Release|x64
		{CD494E90-248D-495C-89D3-6A955C8522BF}.Ad-Hoc|x64.Deploy.0 = Release|x64
		{CD494E90-248D-495C-89D3-6A955C8522BF}.Ad-Hoc|x86.ActiveCfg = Release|x86
		{CD494E90-248D-495C-89D3-6A955C8522BF}.Ad-Hoc|x86.Build.0 = Release|x86
		{CD494E90-248D-495C-89D3-6A955C8522BF}.Ad-Hoc|x86.Deploy.0 = Release|x86
		{CD494E90-248D-495C-89D3-6A955C8522BF}.AppStore|Any CPU.ActiveCfg = Release|x86
		{CD494E90-248D-495C-89D3-6A955C8522BF}.AppStore|Any CPU.Build.0 = Release|x86
		{CD494E90-248D-495C-89D3-6A955C8522BF}.AppStore|Any CPU.Deploy.0 = Release|x86
		{CD494E90-248D-495C-89D3-6A955C8522BF}.AppStore|ARM.ActiveCfg = Release|ARM
		{CD494E90-248D-495C-89D3-6A955C8522BF}.AppStore|ARM.Build.0 = Release|ARM
		{CD494E90-248D-495C-89D3-6A955C8522BF}.AppStore|ARM.Deploy.0 = Release|ARM
		{CD494E90-248D-495C-89D3-6A955C8522BF}.AppStore|iPhone.ActiveCfg = Release|x86
		{CD494E90-248D-495C-89D3-6A955C8522BF}.AppStore|iPhone.Build.0 = Release|x86
		{CD494E90-248D-495C-89D3-6A955C8522BF}.AppStore|iPhone.Deploy.0 = Release|x86
		{CD494E90-248D-495C-89D3-6A955C8522BF}.AppStore|iPhoneSimulator.ActiveCfg = Release|x86
		{CD494E90-248D-495C-89D3-6A955C8522BF}.AppStore|iPhoneSimulator.Build.0 = Release|x86
		{CD494E90-248D-495C-89D3-6A955C8522BF}.AppStore|iPhoneSimulator.Deploy.0 = Release|x86
		{CD494E90-248D-495C-89D3-6A955C8522BF}.AppStore|x64.ActiveCfg = Release|x64
		{CD494E90-248D-495C-89D3-6A955C8522BF}.AppStore|x64.Build.0 = Release|x64
		{CD494E90-248D-495C-89D3-6A955C8522BF}.AppStore|x64.Deploy.0 = Release|x64
		{CD494E90-248D-495C-89D3-6A955C8522BF}.AppStore|x86.ActiveCfg = Release|x86
		{CD494E90-248D-495C-89D3-6A955C8522BF}.AppStore|x86.Build.0 = Release|x86
		{CD494E90-248D-495C-89D3-6A955C8522BF}.AppStore|x86.Deploy.0 = Release|x86
		{CD494E90-248D-495C-89D3-6A955C8522BF}.Debug|Any CPU.ActiveCfg = Debug|x86
		{CD494E90-248D-495C-89D3-6A955C8522BF}.Debug|Any CPU.Build.0 = Debug|x86
		{CD494E90-248D-495C-89D3-6A955C8522BF}.Debug|Any CPU.Deploy.0 = Debug|x86
		{CD494E90-248D-495C-89D3-6A955C8522BF}.Debug|ARM.ActiveCfg = Debug|ARM
		{CD494E90-248D-495C-89D3-6A955C8522BF}.Debug|ARM.Build.0 = Debug|ARM
		{CD494E90-248D-495C-89D3-6A955C8522BF}.Debug|ARM.Deploy.0 = Debug|ARM
		{CD494E90-248D-495C-89D3-6A955C8522BF}.Debug|iPhone.ActiveCfg = Debug|x86
		{CD494E90-248D-495C-89D3-6A955C8522BF}.Debug|iPhone.Build.0 = Debug|x86
		{CD494E90-248D-495C-89D3-6A955C8522BF}.Debug|iPhone.Deploy.0 = Debug|x86
		{CD494E90-248D-495C-89D3-6A955C8522BF}.Debug|iPhoneSimulator.ActiveCfg = Debug|x86
		{CD494E90-248D-495C-89D3-6A955C8522BF}.Debug|iPhoneSimulator.Build.0 = Debug|x86
		{CD494E90-248D-495C-89D3-6A955C8522BF}.Debug|iPhoneSimulator.Deploy.0 = Debug|x86
		{CD494E90-248D-495C-89D3-6A955C8522BF}.Debug|x64.ActiveCfg = Debug|x64
		{CD494E90-248D-495C-89D3-6A955C8522BF}.Debug|x64.Build.0 = Debug|x64
		{CD494E90-248D-495C-89D3-6A955C8522BF}.Debug|x64.Deploy.0 = Debug|x64
		{CD494E90-248D-495C-89D3-6A955C8522BF}.Debug|x86.ActiveCfg = Debug|x86
		{CD494E90-248D-495C-89D3-6A955C8522BF}.Debug|x86.Build.0 = Debug|x86
		{CD494E90-248D-495C-89D3-6A955C8522BF}.Debug|x86.Deploy.0 = Debug|x86
		{CD494E90-248D-495C-89D3-6A955C8522BF}.Release|Any CPU.ActiveCfg = Release|x86
		{CD494E90-248D-495C-89D3-6A955C8522BF}.Release|Any CPU.Build.0 = Release|x86
		{CD494E90-248D-495C-89D3-6A955C8522BF}.Release|Any CPU.Deploy.0 = Release|x86
		{CD494E90-248D-495C-89D3-6A955C8522BF}.Release|ARM.ActiveCfg = Release|ARM
		{CD494E90-248D-495C-89D3-6A955C8522BF}.Release|ARM.Build.0 = Release|ARM
		{CD494E90-248D-495C-89D3-6A955C8522BF}.Release|ARM.Deploy.0 = Release|ARM
		{CD494E90-248D-495C-89D3-6A955C8522BF}.Release|iPhone.ActiveCfg = Release|x86
		{CD494E90-248D-495C-89D3-6A955C8522BF}.Release|iPhone.Build.0 = Release|x86
		{CD494E90-248D-495C-89D3-6A955C8522BF}.Release|iPhone.Deploy.0 = Release|x86
		{CD494E90-248D-495C-89D3-6A955C8522BF}.Release|iPhoneSimulator.ActiveCfg = Release|x86
		{CD494E90-248D-495C-89D3-6A955C8522BF}.Release|iPhoneSimulator.Build.0 = Release|x86
		{CD494E90-248D-495C-89D3-6A955C8522BF}.Release|iPhoneSimulator.Deploy.0 = Release|x86
		{CD494E90-248D-495C-89D3-6A955C8522BF}.Release|x64.ActiveCfg = Release|x64
		{CD494E90-248D-495C-89D3-6A955C8522BF}.Release|x64.Build.0 = Release|x64
		{CD494E90-248D-495C-89D3-6A955C8522BF}.Release|x64.Deploy.0 = Release|x64
		{CD494E90-248D-495C-89D3-6A955C8522BF}.Release|x86.ActiveCfg = Release|x86
		{CD494E90-248D-495C-89D3-6A955C8522BF}.Release|x86.Build.0 = Release|x86
		{CD494E90-248D-495C-89D3-6A955C8522BF}.Release|x86.Deploy.0 = Release|x86
		{EC22857F-BAD9-4920-8E2A-2AC94FE12342}.Ad-Hoc|Any CPU.ActiveCfg = Debug|Any CPU
		{EC22857F-BAD9-4920-8E2A-2AC94FE12342}.Ad-Hoc|Any CPU.Build.0 = Debug|Any CPU
		{EC22857F-BAD9-4920-8E2A-2AC94FE12342}.Ad-Hoc|Any CPU.Deploy.0 = Debug|Any CPU
		{EC22857F-BAD9-4920-8E2A-2AC94FE12342}.Ad-Hoc|ARM.ActiveCfg = Debug|Any CPU
		{EC22857F-BAD9-4920-8E2A-2AC94FE12342}.Ad-Hoc|ARM.Build.0 = Debug|Any CPU
		{EC22857F-BAD9-4920-8E2A-2AC94FE12342}.Ad-Hoc|ARM.Deploy.0 = Debug|Any CPU
		{EC22857F-BAD9-4920-8E2A-2AC94FE12342}.Ad-Hoc|iPhone.ActiveCfg = Debug|Any CPU
		{EC22857F-BAD9-4920-8E2A-2AC94FE12342}.Ad-Hoc|iPhone.Build.0 = Debug|Any CPU
		{EC22857F-BAD9-4920-8E2A-2AC94FE12342}.Ad-Hoc|iPhone.Deploy.0 = Debug|Any CPU
		{EC22857F-BAD9-4920-8E2A-2AC94FE12342}.Ad-Hoc|iPhoneSimulator.ActiveCfg = Debug|Any CPU
		{EC22857F-BAD9-4920-8E2A-2AC94FE12342}.Ad-Hoc|iPhoneSimulator.Build.0 = Debug|Any CPU
		{EC22857F-BAD9-4920-8E2A-2AC94FE12342}.Ad-Hoc|iPhoneSimulator.Deploy.0 = Debug|Any CPU
		{EC22857F-BAD9-4920-8E2A-2AC94FE12342}.Ad-Hoc|x64.ActiveCfg = Debug|Any CPU
		{EC22857F-BAD9-4920-8E2A-2AC94FE12342}.Ad-Hoc|x64.Build.0 = Debug|Any CPU
		{EC22857F-BAD9-4920-8E2A-2AC94FE12342}.Ad-Hoc|x64.Deploy.0 = Debug|Any CPU
		{EC22857F-BAD9-4920-8E2A-2AC94FE12342}.Ad-Hoc|x86.ActiveCfg = Debug|Any CPU
		{EC22857F-BAD9-4920-8E2A-2AC94FE12342}.Ad-Hoc|x86.Build.0 = Debug|Any CPU
		{EC22857F-BAD9-4920-8E2A-2AC94FE12342}.Ad-Hoc|x86.Deploy.0 = Debug|Any CPU
		{EC22857F-BAD9-4920-8E2A-2AC94FE12342}.AppStore|Any CPU.ActiveCfg = Debug|Any CPU
		{EC22857F-BAD9-4920-8E2A-2AC94FE12342}.AppStore|Any CPU.Build.0 = Debug|Any CPU
		{EC22857F-BAD9-4920-8E2A-2AC94FE12342}.AppStore|Any CPU.Deploy.0 = Debug|Any CPU
		{EC22857F-BAD9-4920-8E2A-2AC94FE12342}.AppStore|ARM.ActiveCfg = Debug|Any CPU
		{EC22857F-BAD9-4920-8E2A-2AC94FE12342}.AppStore|ARM.Build.0 = Debug|Any CPU
		{EC22857F-BAD9-4920-8E2A-2AC94FE12342}.AppStore|ARM.Deploy.0 = Debug|Any CPU
		{EC22857F-BAD9-4920-8E2A-2AC94FE12342}.AppStore|iPhone.ActiveCfg = Debug|Any CPU
		{EC22857F-BAD9-4920-8E2A-2AC94FE12342}.AppStore|iPhone.Build.0 = Debug|Any CPU
		{EC22857F-BAD9-4920-8E2A-2AC94FE12342}.AppStore|iPhone.Deploy.0 = Debug|Any CPU
		{EC22857F-BAD9-4920-8E2A-2AC94FE12342}.AppStore|iPhoneSimulator.ActiveCfg = Debug|Any CPU
		{EC22857F-BAD9-4920-8E2A-2AC94FE12342}.AppStore|iPhoneSimulator.Build.0 = Debug|Any CPU
		{EC22857F-BAD9-4920-8E2A-2AC94FE12342}.AppStore|iPhoneSimulator.Deploy.0 = Debug|Any CPU
		{EC22857F-BAD9-4920-8E2A-2AC94FE12342}.AppStore|x64.ActiveCfg = Debug|Any CPU
		{EC22857F-BAD9-4920-8E2A-2AC94FE12342}.AppStore|x64.Build.0 = Debug|Any CPU
		{EC22857F-BAD9-4920-8E2A-2AC94FE12342}.AppStore|x64.Deploy.0 = Debug|Any CPU
		{EC22857F-BAD9-4920-8E2A-2AC94FE12342}.AppStore|x86.ActiveCfg = Debug|Any CPU
		{EC22857F-BAD9-4920-8E2A-2AC94FE12342}.AppStore|x86.Build.0 = Debug|Any CPU
		{EC22857F-BAD9-4920-8E2A-2AC94FE12342}.AppStore|x86.Deploy.0 = Debug|Any CPU
		{EC22857F-BAD9-4920-8E2A-2AC94FE12342}.Debug|Any CPU.ActiveCfg = Debug|Any CPU
		{EC22857F-BAD9-4920-8E2A-2AC94FE12342}.Debug|Any CPU.Build.0 = Debug|Any CPU
		{EC22857F-BAD9-4920-8E2A-2AC94FE12342}.Debug|Any CPU.Deploy.0 = Debug|Any CPU
		{EC22857F-BAD9-4920-8E2A-2AC94FE12342}.Debug|ARM.ActiveCfg = Debug|Any CPU
		{EC22857F-BAD9-4920-8E2A-2AC94FE12342}.Debug|ARM.Build.0 = Debug|Any CPU
		{EC22857F-BAD9-4920-8E2A-2AC94FE12342}.Debug|ARM.Deploy.0 = Debug|Any CPU
		{EC22857F-BAD9-4920-8E2A-2AC94FE12342}.Debug|iPhone.ActiveCfg = Debug|Any CPU
		{EC22857F-BAD9-4920-8E2A-2AC94FE12342}.Debug|iPhone.Build.0 = Debug|Any CPU
		{EC22857F-BAD9-4920-8E2A-2AC94FE12342}.Debug|iPhone.Deploy.0 = Debug|Any CPU
		{EC22857F-BAD9-4920-8E2A-2AC94FE12342}.Debug|iPhoneSimulator.ActiveCfg = Debug|Any CPU
		{EC22857F-BAD9-4920-8E2A-2AC94FE12342}.Debug|iPhoneSimulator.Build.0 = Debug|Any CPU
		{EC22857F-BAD9-4920-8E2A-2AC94FE12342}.Debug|iPhoneSimulator.Deploy.0 = Debug|Any CPU
		{EC22857F-BAD9-4920-8E2A-2AC94FE12342}.Debug|x64.ActiveCfg = Debug|Any CPU
		{EC22857F-BAD9-4920-8E2A-2AC94FE12342}.Debug|x64.Build.0 = Debug|Any CPU
		{EC22857F-BAD9-4920-8E2A-2AC94FE12342}.Debug|x64.Deploy.0 = Debug|Any CPU
		{EC22857F-BAD9-4920-8E2A-2AC94FE12342}.Debug|x86.ActiveCfg = Debug|Any CPU
		{EC22857F-BAD9-4920-8E2A-2AC94FE12342}.Debug|x86.Build.0 = Debug|Any CPU
		{EC22857F-BAD9-4920-8E2A-2AC94FE12342}.Debug|x86.Deploy.0 = Debug|Any CPU
		{EC22857F-BAD9-4920-8E2A-2AC94FE12342}.Release|Any CPU.ActiveCfg = Release|Any CPU
		{EC22857F-BAD9-4920-8E2A-2AC94FE12342}.Release|Any CPU.Build.0 = Release|Any CPU
		{EC22857F-BAD9-4920-8E2A-2AC94FE12342}.Release|Any CPU.Deploy.0 = Release|Any CPU
		{EC22857F-BAD9-4920-8E2A-2AC94FE12342}.Release|ARM.ActiveCfg = Release|Any CPU
		{EC22857F-BAD9-4920-8E2A-2AC94FE12342}.Release|ARM.Build.0 = Release|Any CPU
		{EC22857F-BAD9-4920-8E2A-2AC94FE12342}.Release|ARM.Deploy.0 = Release|Any CPU
		{EC22857F-BAD9-4920-8E2A-2AC94FE12342}.Release|iPhone.ActiveCfg = Release|Any CPU
		{EC22857F-BAD9-4920-8E2A-2AC94FE12342}.Release|iPhone.Build.0 = Release|Any CPU
		{EC22857F-BAD9-4920-8E2A-2AC94FE12342}.Release|iPhone.Deploy.0 = Release|Any CPU
		{EC22857F-BAD9-4920-8E2A-2AC94FE12342}.Release|iPhoneSimulator.ActiveCfg = Release|Any CPU
		{EC22857F-BAD9-4920-8E2A-2AC94FE12342}.Release|iPhoneSimulator.Build.0 = Release|Any CPU
		{EC22857F-BAD9-4920-8E2A-2AC94FE12342}.Release|iPhoneSimulator.Deploy.0 = Release|Any CPU
		{EC22857F-BAD9-4920-8E2A-2AC94FE12342}.Release|x64.ActiveCfg = Release|Any CPU
		{EC22857F-BAD9-4920-8E2A-2AC94FE12342}.Release|x64.Build.0 = Release|Any CPU
		{EC22857F-BAD9-4920-8E2A-2AC94FE12342}.Release|x64.Deploy.0 = Release|Any CPU
		{EC22857F-BAD9-4920-8E2A-2AC94FE12342}.Release|x86.ActiveCfg = Release|Any CPU
		{EC22857F-BAD9-4920-8E2A-2AC94FE12342}.Release|x86.Build.0 = Release|Any CPU
		{EC22857F-BAD9-4920-8E2A-2AC94FE12342}.Release|x86.Deploy.0 = Release|Any CPU
	EndGlobalSection
	GlobalSection(SolutionProperties) = preSolution
		HideSolutionNode = FALSE
	EndGlobalSection
	GlobalSection(ExtensibilityGlobals) = postSolution
		SolutionGuid = {4A20DF9C-4C21-4610-BEAA-31BE85568A53}
	EndGlobalSection
EndGlobal
